
Microsoft Visual Studio Solution File, Format Version 12.00
# Visual Studio Version 17
VisualStudioVersion = 17.14.36511.14
MinimumVisualStudioVersion = 10.0.40219.1
Project("{FAE04EC0-301F-11D3-BF4B-00C04F79EFBC}") = "API", "API\API.csproj", "{3962185C-3B5F-4996-842E-276C9C8A0026}"
EndProject
Project("{FAE04EC0-301F-11D3-BF4B-00C04F79EFBC}") = "Dominio", "Dominio\Dominio.csproj", "{9EDE711F-C84F-4A73-B1E6-C66805660042}"
EndProject
Project("{FAE04EC0-301F-11D3-BF4B-00C04F79EFBC}") = "Negocio", "Negocio\Negocio.csproj", "{93BE8623-532C-4211-8BD6-008F6BA3233A}"
EndProject
Global
	GlobalSection(SolutionConfigurationPlatforms) = preSolution
		Debug|Any CPU = Debug|Any CPU
		Release|Any CPU = Release|Any CPU
	EndGlobalSection
	GlobalSection(ProjectConfigurationPlatforms) = postSolution
		{3962185C-3B5F-4996-842E-276C9C8A0026}.Debug|Any CPU.ActiveCfg = Debug|Any CPU
		{3962185C-3B5F-4996-842E-276C9C8A0026}.Debug|Any CPU.Build.0 = Debug|Any CPU
		{3962185C-3B5F-4996-842E-276C9C8A0026}.Release|Any CPU.ActiveCfg = Release|Any CPU
		{3962185C-3B5F-4996-842E-276C9C8A0026}.Release|Any CPU.Build.0 = Release|Any CPU
		{9EDE711F-C84F-4A73-B1E6-C66805660042}.Debug|Any CPU.ActiveCfg = Debug|Any CPU
		{9EDE711F-C84F-4A73-B1E6-C66805660042}.Debug|Any CPU.Build.0 = Debug|Any CPU
		{9EDE711F-C84F-4A73-B1E6-C66805660042}.Release|Any CPU.ActiveCfg = Release|Any CPU
		{9EDE711F-C84F-4A73-B1E6-C66805660042}.Release|Any CPU.Build.0 = Release|Any CPU
		{93BE8623-532C-4211-8BD6-008F6BA3233A}.Debug|Any CPU.ActiveCfg = Debug|Any CPU
		{93BE8623-532C-4211-8BD6-008F6BA3233A}.Debug|Any CPU.Build.0 = Debug|Any CPU
		{93BE8623-532C-4211-8BD6-008F6BA3233A}.Release|Any CPU.ActiveCfg = Release|Any CPU
		{93BE8623-532C-4211-8BD6-008F6BA3233A}.Release|Any CPU.Build.0 = Release|Any CPU
	EndGlobalSection
	GlobalSection(SolutionProperties) = preSolution
		HideSolutionNode = FALSE
	EndGlobalSection
	GlobalSection(ExtensibilityGlobals) = postSolution
		SolutionGuid = {4A405D3F-AC58-4FDC-9F71-5A0EA295DE69}
	EndGlobalSection
EndGlobal
